
Microsoft Visual Studio Solution File, Format Version 12.00
# Visual Studio Version 16
VisualStudioVersion = 16.0.29306.81
MinimumVisualStudioVersion = 10.0.40219.1
Project("{9A19103F-16F7-4668-BE54-9A1E7A4F7556}") = "AspNetAutoBogus", "AspNetAutoBogus\AspNetAutoBogus.csproj", "{70170C0E-FCA1-4C4F-B5C1-D5C3E8468450}"
EndProject
Project("{9A19103F-16F7-4668-BE54-9A1E7A4F7556}") = "AspNetAutoBogus.Tests", "AspNetAutoBogus.Tests\AspNetAutoBogus.Tests.csproj", "{66EEA7FB-EBC3-468D-94F5-3B4FE10898D2}"
EndProject
Project("{FAE04EC0-301F-11D3-BF4B-00C04F79EFBC}") = "AspNetAutoBogus.Example", "AspNetAutoBogus.Example\AspNetAutoBogus.Example.csproj", "{C83EEF73-6DD4-4FAC-BE08-AA597E80DE1B}"
EndProject
Global
	GlobalSection(SolutionConfigurationPlatforms) = preSolution
		Debug|Any CPU = Debug|Any CPU
		Release|Any CPU = Release|Any CPU
	EndGlobalSection
	GlobalSection(ProjectConfigurationPlatforms) = postSolution
		{70170C0E-FCA1-4C4F-B5C1-D5C3E8468450}.Debug|Any CPU.ActiveCfg = Debug|Any CPU
		{70170C0E-FCA1-4C4F-B5C1-D5C3E8468450}.Debug|Any CPU.Build.0 = Debug|Any CPU
		{70170C0E-FCA1-4C4F-B5C1-D5C3E8468450}.Release|Any CPU.ActiveCfg = Release|Any CPU
		{70170C0E-FCA1-4C4F-B5C1-D5C3E8468450}.Release|Any CPU.Build.0 = Release|Any CPU
		{66EEA7FB-EBC3-468D-94F5-3B4FE10898D2}.Debug|Any CPU.ActiveCfg = Debug|Any CPU
		{66EEA7FB-EBC3-468D-94F5-3B4FE10898D2}.Debug|Any CPU.Build.0 = Debug|Any CPU
		{66EEA7FB-EBC3-468D-94F5-3B4FE10898D2}.Release|Any CPU.ActiveCfg = Release|Any CPU
		{66EEA7FB-EBC3-468D-94F5-3B4FE10898D2}.Release|Any CPU.Build.0 = Release|Any CPU
		{C83EEF73-6DD4-4FAC-BE08-AA597E80DE1B}.Debug|Any CPU.ActiveCfg = Debug|Any CPU
		{C83EEF73-6DD4-4FAC-BE08-AA597E80DE1B}.Debug|Any CPU.Build.0 = Debug|Any CPU
		{C83EEF73-6DD4-4FAC-BE08-AA597E80DE1B}.Release|Any CPU.ActiveCfg = Release|Any CPU
		{C83EEF73-6DD4-4FAC-BE08-AA597E80DE1B}.Release|Any CPU.Build.0 = Release|Any CPU
	EndGlobalSection
	GlobalSection(SolutionProperties) = preSolution
		HideSolutionNode = FALSE
	EndGlobalSection
	GlobalSection(ExtensibilityGlobals) = postSolution
		SolutionGuid = {4D083F2E-67E1-4D06-91A9-E54E3AFDEAFC}
	EndGlobalSection
EndGlobal
